<Solution>
  <Project Path="ConsoleApp7PM/ConsoleApp7PM.csproj" Id="a775c1c7-25b4-4f0b-a76e-1c0cab24f98a" />
  <Project Path="ConsoleAppConditionalStmts/ConsoleAppConditionalStmts.csproj" Id="6d8166e0-604a-4403-8ae3-eed94806508f" />
  <Project Path="ConsoleAppInputMethods/ConsoleAppInputMethods.csproj" Id="0a0af598-8295-4a4e-8031-ceaa4b99929d" />
  <Project Path="LoopControlStructures/LoopControlStructures.csproj" Id="3711a3cb-ff52-48ac-b2b1-7fef6a0f967f" />
</Solution>
